{
  "name": "lib",
  "version": "1.0.0",
  "lockfileVersion": 1,
  "requires": true,
  "dependencies": {
    "each": {
      "version": "1.2.1",
      "resolved": "https://registry.npmjs.org/each/-/each-1.2.1.tgz",
      "integrity": "sha512-POUbnWaseHgI8I+icHo3jAMrCqoLgVWaI7yqcQ0nat4q2f2BFUVGAndMOvr2UZoHAGAnQqotaM9RI4kZcjtAcg==",
      "dev": true
    }
  }
}
