{
  "name": "lib",
  "version": "1.0.0",
  "lockfileVersion": 1,
  "requires": true,
  "dependencies": {
    "@dreamdata/analytics.js-core": {
      "version": "git+https://github.com/dreamdata-io/analytics.js-core.git#5418708d35e2e5afa5d7290ca694a4acbae82a4d",
      "from": "git+https://github.com/dreamdata-io/analytics.js-core.git",
      "requires": {
        "@ndhoule/after": "^1.0.0",
        "@ndhoule/clone": "^1.0.0",
        "@ndhoule/defaults": "^2.0.1",
        "@ndhoule/each": "^2.0.1",
        "@ndhoule/extend": "^2.0.0",
        "@ndhoule/foldl": "^2.0.1",
        "@ndhoule/includes": "^2.0.1",
        "@ndhoule/keys": "^2.0.0",
        "@ndhoule/map": "^2.0.1",
        "@ndhoule/pick": "^2.0.0",
        "@segment/canonical": "^1.0.0",
        "@segment/is-meta": "^1.0.0",
        "@segment/isodate": "^1.0.2",
        "@segment/isodate-traverse": "^1.0.1",
        "@segment/prevent-default": "^1.0.0",
        "@segment/send-json": "^3.0.0",
        "@segment/store": "^1.3.20",
        "@segment/top-domain": "^3.0.0",
        "bind-all": "^1.0.0",
        "component-cookie": "^1.1.2",
        "component-emitter": "^1.2.1",
        "component-event": "^0.1.4",
        "component-querystring": "^2.0.0",
        "component-type": "^1.2.1",
        "component-url": "^0.2.1",
        "debug": "^0.7.4",
        "extend": "3.0.2",
        "inherits": "^2.0.1",
        "install": "^0.7.3",
        "is": "^3.1.0",
        "json3": "^3.3.2",
        "new-date": "^1.0.0",
        "next-tick": "^0.2.2",
        "segmentio-facade": "^3.0.2",
        "spark-md5": "^2.0.2",
        "uuid": "^2.0.2"
      }
    },
    "@dreamdata/analytics.js-integration-dreamdataio": {
      "version": "git+https://github.com/dreamdata-io/analytics.js-integration-dreamdataio.git#a14ba8358a3f3055a7d5b2dd1a0a4924ed0ec222",
      "from": "git+https://github.com/dreamdata-io/analytics.js-integration-dreamdataio.git",
      "requires": {
        "@ndhoule/extend": "^2.0.0",
        "@ndhoule/keys": "^2.0.0",
        "@segment/ad-params": "^1.0.0",
        "@segment/analytics.js-integration": "^2.1.0",
        "@segment/localstorage-retry": "^1.2.2",
        "@segment/protocol": "^1.0.0",
        "@segment/send-json": "^3.0.0",
        "@segment/top-domain": "^3.0.0",
        "@segment/utm-params": "^2.0.0",
        "component-clone": "^0.2.2",
        "component-cookie": "^1.1.2",
        "component-type": "^1.2.1",
        "json3": "^3.3.2",
        "uuid": "^2.0.2",
        "yields-store": "^1.0.2"
      }
    },
    "@ndhoule/after": {
      "version": "1.0.0",
      "resolved": "https://registry.npmjs.org/@ndhoule/after/-/after-1.0.0.tgz",
      "integrity": "sha1-5thtEhRIJHrHQv86YcY/roPuEZE=",
      "requires": {
        "@ndhoule/arity": "^2.0.0"
      }
    },
    "@ndhoule/arity": {
      "version": "2.0.0",
      "resolved": "https://registry.npmjs.org/@ndhoule/arity/-/arity-2.0.0.tgz",
      "integrity": "sha1-Jr+guXVc7ZrqgZ1ObnqT2yeltlg="
    },
    "@ndhoule/clone": {
      "version": "1.0.0",
      "resolved": "https://registry.npmjs.org/@ndhoule/clone/-/clone-1.0.0.tgz",
      "integrity": "sha1-D2g5SpUAjPNgNw4QGSRWSnCSevw=",
      "requires": {
        "component-type": "^1.2.1"
      }
    },
    "@ndhoule/defaults": {
      "version": "2.0.1",
      "resolved": "https://registry.npmjs.org/@ndhoule/defaults/-/defaults-2.0.1.tgz",
      "integrity": "sha1-cEquPGAaTkoaEPCHai0yU7x9TZs=",
      "requires": {
        "@ndhoule/drop": "^2.0.0",
        "@ndhoule/rest": "^2.0.0"
      }
    },
    "@ndhoule/drop": {
      "version": "2.0.0",
      "resolved": "https://registry.npmjs.org/@ndhoule/drop/-/drop-2.0.0.tgz",
      "integrity": "sha1-vKsfMEFVXq+EzoThZHX/Qu6UnIw="
    },
    "@ndhoule/each": {
      "version": "2.0.1",
      "resolved": "https://registry.npmjs.org/@ndhoule/each/-/each-2.0.1.tgz",
      "integrity": "sha1-u+03KmA+BxOjGTxwanPd68W0Jqk=",
      "requires": {
        "@ndhoule/keys": "^2.0.0"
      }
    },
    "@ndhoule/every": {
      "version": "2.0.1",
      "resolved": "https://registry.npmjs.org/@ndhoule/every/-/every-2.0.1.tgz",
      "integrity": "sha1-OQfYtsQwST27YZwYBxzpBV+KEG0=",
      "requires": {
        "@ndhoule/each": "^2.0.1"
      }
    },
    "@ndhoule/extend": {
      "version": "2.0.0",
      "resolved": "https://registry.npmjs.org/@ndhoule/extend/-/extend-2.0.0.tgz",
      "integrity": "sha1-jJqlybLwoBIQT/4hTNl0ZXK5rrY="
    },
    "@ndhoule/foldl": {
      "version": "2.0.1",
      "resolved": "https://registry.npmjs.org/@ndhoule/foldl/-/foldl-2.0.1.tgz",
      "integrity": "sha1-eIrO36LP0S7LC4TSvq9lDZe+hPI=",
      "requires": {
        "@ndhoule/each": "^2.0.1"
      }
    },
    "@ndhoule/includes": {
      "version": "2.0.1",
      "resolved": "https://registry.npmjs.org/@ndhoule/includes/-/includes-2.0.1.tgz",
      "integrity": "sha1-BR/16wQsj6F+cVjwqKcBcuGv+qU=",
      "requires": {
        "@ndhoule/each": "^2.0.1"
      }
    },
    "@ndhoule/keys": {
      "version": "2.0.0",
      "resolved": "https://registry.npmjs.org/@ndhoule/keys/-/keys-2.0.0.tgz",
      "integrity": "sha1-PWSuZ3xlomF0e/OkV8YuspKk4M4="
    },
    "@ndhoule/map": {
      "version": "2.0.1",
      "resolved": "https://registry.npmjs.org/@ndhoule/map/-/map-2.0.1.tgz",
      "integrity": "sha1-9coKR0JOpn9G4qbUmbnpvIhq76g=",
      "requires": {
        "@ndhoule/each": "^2.0.1"
      }
    },
    "@ndhoule/pick": {
      "version": "2.0.0",
      "resolved": "https://registry.npmjs.org/@ndhoule/pick/-/pick-2.0.0.tgz",
      "integrity": "sha1-4esabKMkPu9W2qCVw6FhLHSlIVY="
    },
    "@ndhoule/rest": {
      "version": "2.0.0",
      "resolved": "https://registry.npmjs.org/@ndhoule/rest/-/rest-2.0.0.tgz",
      "integrity": "sha1-A0awKpZKUT7SuiTRZPAdNPIQeg8="
    },
    "@segment/ad-params": {
      "version": "1.0.0",
      "resolved": "https://registry.npmjs.org/@segment/ad-params/-/ad-params-1.0.0.tgz",
      "integrity": "sha1-4C3tcKf425Uq8DwhII9HIBuGvJU=",
      "requires": {
        "component-querystring": "^2.0.0"
      }
    },
    "@segment/analytics.js-integration": {
      "version": "2.1.1",
      "resolved": "https://registry.npmjs.org/@segment/analytics.js-integration/-/analytics.js-integration-2.1.1.tgz",
      "integrity": "sha512-FDxtGy8LcJf+oTwl8KE/5Py01UVURsc0t4+fpIBIiPlZtE3tV0jTd/eMDQ0VyBfetjQ9rrq8tk8l52JPkQObBg==",
      "requires": {
        "@ndhoule/after": "^1.0.0",
        "@ndhoule/clone": "^1.0.0",
        "@ndhoule/defaults": "^2.0.1",
        "@ndhoule/each": "^2.0.1",
        "@ndhoule/every": "^2.0.1",
        "@ndhoule/extend": "^2.0.0",
        "@ndhoule/foldl": "^2.0.1",
        "@ndhoule/includes": "^2.0.1",
        "@segment/fmt": "^1.0.0",
        "@segment/load-script": "^1.0.1",
        "analytics-events": "^1.2.0",
        "component-bind": "^1.0.0",
        "component-emitter": "^1.2.0",
        "debug": "^2.2.0",
        "domify": "^1.4.0",
        "is": "^3.1.0",
        "load-iframe": "^1.0.0",
        "next-tick": "^0.2.2",
        "slug-component": "^1.1.0",
        "to-no-case": "^0.1.3"
      },
      "dependencies": {
        "debug": {
          "version": "2.6.9",
          "resolved": "https://registry.npmjs.org/debug/-/debug-2.6.9.tgz",
          "integrity": "sha512-bC7ElrdJaJnPbAP+1EotYvqZsb3ecl5wi6Bfi6BJTUcNowp6cvspg0jXznRTKDjm/E7AdgFBVeAPVMNcKGsHMA==",
          "requires": {
            "ms": "2.0.0"
          }
        }
      }
    },
    "@segment/base64-encode": {
      "version": "2.0.2",
      "resolved": "https://registry.npmjs.org/@segment/base64-encode/-/base64-encode-2.0.2.tgz",
      "integrity": "sha1-OskLnChnjf1GfnYZH3sdBjZzA08=",
      "requires": {
        "utf8-encode": "1"
      }
    },
    "@segment/canonical": {
      "version": "1.0.0",
      "resolved": "https://registry.npmjs.org/@segment/canonical/-/canonical-1.0.0.tgz",
      "integrity": "sha1-mtsacx0pq5dUk78XpM5JUphcSSA="
    },
    "@segment/fmt": {
      "version": "1.0.0",
      "resolved": "https://registry.npmjs.org/@segment/fmt/-/fmt-1.0.0.tgz",
      "integrity": "sha1-ey21ihLYQgsKAEiJrwSKsidlVX8="
    },
    "@segment/is-meta": {
      "version": "1.0.0",
      "resolved": "https://registry.npmjs.org/@segment/is-meta/-/is-meta-1.0.0.tgz",
      "integrity": "sha1-2RGz8jJ7OfirsWooKVT6Ju3Tsnw="
    },
    "@segment/isodate": {
      "version": "1.0.3",
      "resolved": "https://registry.npmjs.org/@segment/isodate/-/isodate-1.0.3.tgz",
      "integrity": "sha512-BtanDuvJqnACFkeeYje7pWULVv8RgZaqKHWwGFnL/g/TH/CcZjkIVTfGDp/MAxmilYHUkrX70SqwnYSTNEaN7A=="
    },
    "@segment/isodate-traverse": {
      "version": "1.1.0",
      "resolved": "https://registry.npmjs.org/@segment/isodate-traverse/-/isodate-traverse-1.1.0.tgz",
      "integrity": "sha1-T7NvMNlMLFo8inXSXBUEgiobuas=",
      "requires": {
        "@segment/isodate": "^1.0.0",
        "component-each": "^0.2.6",
        "component-type": "^1.2.1"
      }
    },
    "@segment/load-script": {
      "version": "1.0.1",
      "resolved": "https://registry.npmjs.org/@segment/load-script/-/load-script-1.0.1.tgz",
      "integrity": "sha1-rbei3vLJmsJIzI4sFU+0uwMJQ5k=",
      "requires": {
        "component-type": "^1.2.0",
        "next-tick": "^0.2.2",
        "script-onload": "^1.0.2"
      }
    },
    "@segment/localstorage-retry": {
      "version": "1.2.2",
      "resolved": "https://registry.npmjs.org/@segment/localstorage-retry/-/localstorage-retry-1.2.2.tgz",
      "integrity": "sha1-0UH6tyEv0++w7hm/frFrHjiTCvM=",
      "requires": {
        "@ndhoule/each": "^2.0.1",
        "@ndhoule/keys": "^2.0.0",
        "component-emitter": "^1.2.1",
        "debug": "^0.7.4",
        "json3": "^3.3.2",
        "uuid": "^3.0.1"
      },
      "dependencies": {
        "uuid": {
          "version": "3.3.3",
          "resolved": "https://registry.npmjs.org/uuid/-/uuid-3.3.3.tgz",
          "integrity": "sha512-pW0No1RGHgzlpHJO1nsVrHKpOEIxkGg1xB+v0ZmdNH5OAeAwzAVrCnI2/6Mtx+Uys6iaylxa+D3g4j63IKKjSQ=="
        }
      }
    },
    "@segment/prevent-default": {
      "version": "1.0.0",
      "resolved": "https://registry.npmjs.org/@segment/prevent-default/-/prevent-default-1.0.0.tgz",
      "integrity": "sha1-KsiW7owCSdx69KwDL435AP4xiS4="
    },
    "@segment/protocol": {
      "version": "1.0.0",
      "resolved": "https://registry.npmjs.org/@segment/protocol/-/protocol-1.0.0.tgz",
      "integrity": "sha1-uS0521gKuUwOTQyrCSOd0MOj9ps="
    },
    "@segment/send-json": {
      "version": "3.0.0",
      "resolved": "https://registry.npmjs.org/@segment/send-json/-/send-json-3.0.0.tgz",
      "integrity": "sha1-955w770BtiNh9aLPP7Z+kd5DE14=",
      "requires": {
        "@segment/base64-encode": "^2.0.2",
        "has-cors": "^1.1.0",
        "json3": "^3.3.2",
        "jsonp": "^0.2.0"
      }
    },
    "@segment/store": {
      "version": "1.3.20",
      "resolved": "https://registry.npmjs.org/@segment/store/-/store-1.3.20.tgz",
      "integrity": "sha1-hZ9qFBWqgsuSzU0NAmX1ZhwFAtQ=",
      "requires": {
        "json3": "^3.3.2"
      }
    },
    "@segment/top-domain": {
      "version": "3.0.0",
      "resolved": "https://registry.npmjs.org/@segment/top-domain/-/top-domain-3.0.0.tgz",
      "integrity": "sha1-AuWlpP1CqfbPiGsF6C8QQBKjw6c=",
      "requires": {
        "component-cookie": "^1.1.2",
        "component-url": "^0.2.1"
      }
    },
    "@segment/utm-params": {
      "version": "2.0.0",
      "resolved": "https://registry.npmjs.org/@segment/utm-params/-/utm-params-2.0.0.tgz",
      "integrity": "sha1-/qPIqSv7oNaehh+zsm19iC8TkzQ=",
      "requires": {
        "@ndhoule/foldl": "^2.0.1",
        "component-querystring": "^2.0.0"
      }
    },
    "analytics-events": {
      "version": "1.5.0",
      "resolved": "https://registry.npmjs.org/analytics-events/-/analytics-events-1.5.0.tgz",
      "integrity": "sha1-sDCnqCv+tF7w2qdNIM+ai6TUvcs="
    },
    "bind-all": {
      "version": "1.0.0",
      "resolved": "https://registry.npmjs.org/bind-all/-/bind-all-1.0.0.tgz",
      "integrity": "sha1-D4oxb3Kzx1Xee0aCrfAMZYMdqw0=",
      "requires": {
        "component-bind": "^1.0.0"
      }
    },
    "component-bind": {
      "version": "1.0.0",
      "resolved": "https://registry.npmjs.org/component-bind/-/component-bind-1.0.0.tgz",
      "integrity": "sha1-AMYIq33Nk4l8AAllGx06jh5zu9E="
    },
    "component-clone": {
      "version": "0.2.3",
      "resolved": "https://registry.npmjs.org/component-clone/-/component-clone-0.2.3.tgz",
      "integrity": "sha1-3mQOGgDLL0H5/E5IgIjiUdzxVGg=",
      "requires": {
        "component-type": "*"
      }
    },
    "component-cookie": {
      "version": "1.1.4",
      "resolved": "https://registry.npmjs.org/component-cookie/-/component-cookie-1.1.4.tgz",
      "integrity": "sha512-j6rzl+vHDTowvYz7Al3V0ud84O2l4YqGdA9qMj1W1nlZ5yWi7EhOd7ZSPzWFM25gZgv2OxWh6JlJYfsz2+XYow==",
      "requires": {
        "debug": "2.2.0"
      },
      "dependencies": {
        "debug": {
          "version": "2.2.0",
          "resolved": "https://registry.npmjs.org/debug/-/debug-2.2.0.tgz",
          "integrity": "sha1-+HBX6ZWxofauaklgZkE3vFbwOdo=",
          "requires": {
            "ms": "0.7.1"
          }
        },
        "ms": {
          "version": "0.7.1",
          "resolved": "https://registry.npmjs.org/ms/-/ms-0.7.1.tgz",
          "integrity": "sha1-nNE8A62/8ltl7/3nzoZO6VIBcJg="
        }
      }
    },
    "component-each": {
      "version": "0.2.6",
      "resolved": "https://registry.npmjs.org/component-each/-/component-each-0.2.6.tgz",
      "integrity": "sha1-mR+vMe9PyvutBCNxJNOBszlJQdU=",
      "requires": {
        "component-type": "1.0.0",
        "to-function": "2.0.6"
      },
      "dependencies": {
        "component-type": {
          "version": "1.0.0",
          "resolved": "https://registry.npmjs.org/component-type/-/component-type-1.0.0.tgz",
          "integrity": "sha1-HtiBLjLdZQmdQzVwdX8RHqPT2HE="
        }
      }
    },
    "component-emitter": {
      "version": "1.3.0",
      "resolved": "https://registry.npmjs.org/component-emitter/-/component-emitter-1.3.0.tgz",
      "integrity": "sha512-Rd3se6QB+sO1TwqZjscQrurpEPIfO0/yYnSin6Q/rD3mOutHvUrCAhJub3r90uNb+SESBuE0QYoB90YdfatsRg=="
    },
    "component-event": {
      "version": "0.1.4",
      "resolved": "https://registry.npmjs.org/component-event/-/component-event-0.1.4.tgz",
      "integrity": "sha1-PeePwoeCOBeH4kvyp8U2vwFCybQ="
    },
    "component-props": {
      "version": "1.1.1",
      "resolved": "https://registry.npmjs.org/component-props/-/component-props-1.1.1.tgz",
      "integrity": "sha1-+bffm5kntubZfJvScqqGdnDzSUQ="
    },
    "component-querystring": {
      "version": "2.0.0",
      "resolved": "https://registry.npmjs.org/component-querystring/-/component-querystring-2.0.0.tgz",
      "integrity": "sha1-hKldGORxyEkbBD3yQPDRjU21J+w=",
      "requires": {
        "component-type": "1.1.0",
        "trim": "0.0.1"
      },
      "dependencies": {
        "component-type": {
          "version": "1.1.0",
          "resolved": "https://registry.npmjs.org/component-type/-/component-type-1.1.0.tgz",
          "integrity": "sha1-lbZmqtU+XI0fK+E1xFtdSZGXwMU="
        }
      }
    },
    "component-type": {
      "version": "1.2.1",
      "resolved": "https://registry.npmjs.org/component-type/-/component-type-1.2.1.tgz",
      "integrity": "sha1-ikeQFwAjjk/DIml3EjAibyS0Fak="
    },
    "component-url": {
      "version": "0.2.1",
      "resolved": "https://registry.npmjs.org/component-url/-/component-url-0.2.1.tgz",
      "integrity": "sha1-Tk9HmcQ+rZ/TzpG1owXSICCP7kc="
    },
    "debug": {
      "version": "0.7.4",
      "resolved": "https://registry.npmjs.org/debug/-/debug-0.7.4.tgz",
      "integrity": "sha1-BuHqgILCyxTjmAbiLi9vdX+Srzk="
    },
    "domify": {
      "version": "1.4.0",
      "resolved": "https://registry.npmjs.org/domify/-/domify-1.4.0.tgz",
      "integrity": "sha1-EUg2F/dk+GlZdbS9x5sU8IA7Yps="
    },
    "extend": {
      "version": "3.0.2",
      "resolved": "https://registry.npmjs.org/extend/-/extend-3.0.2.tgz",
      "integrity": "sha512-fjquC59cD7CyW6urNXK0FBufkZcoiGG80wTuPujX590cB5Ttln20E2UB4S/WARVqhXffZl2LNgS+gQdPIIim/g=="
    },
    "has-cors": {
      "version": "1.1.0",
      "resolved": "https://registry.npmjs.org/has-cors/-/has-cors-1.1.0.tgz",
      "integrity": "sha1-XkdHk/fqmEPRu5nCPu9J/xJv/zk="
    },
    "inherits": {
      "version": "2.0.4",
      "resolved": "https://registry.npmjs.org/inherits/-/inherits-2.0.4.tgz",
      "integrity": "sha512-k/vGaX4/Yla3WzyMCvTQOXYeIHvqOKtnqBduzTHpzpQZzAskKMhZ2K+EnBiSM9zGSoIFeMpXKxa4dYeZIQqewQ=="
    },
    "install": {
      "version": "0.7.3",
      "resolved": "https://registry.npmjs.org/install/-/install-0.7.3.tgz",
      "integrity": "sha1-F7xq8fRxzd8ZLC7sX+4rZ9H/+cM="
    },
    "is": {
      "version": "3.3.0",
      "resolved": "https://registry.npmjs.org/is/-/is-3.3.0.tgz",
      "integrity": "sha512-nW24QBoPcFGGHJGUwnfpI7Yc5CdqWNdsyHQszVE/z2pKHXzh7FZ5GWhJqSyaQ9wMkQnsTx+kAI8bHlCX4tKdbg=="
    },
    "is-email": {
      "version": "0.1.0",
      "resolved": "https://registry.npmjs.org/is-email/-/is-email-0.1.0.tgz",
      "integrity": "sha1-5+sa7+jUoxg5gKcXK4UScuvQSpU="
    },
    "json3": {
      "version": "3.3.3",
      "resolved": "https://registry.npmjs.org/json3/-/json3-3.3.3.tgz",
      "integrity": "sha512-c7/8mbUsKigAbLkD5B010BK4D9LZm7A1pNItkEwiUZRpIN66exu/e7YQWysGun+TRKaJp8MhemM+VkfWv42aCA=="
    },
    "jsonp": {
      "version": "0.2.1",
      "resolved": "https://registry.npmjs.org/jsonp/-/jsonp-0.2.1.tgz",
      "integrity": "sha1-pltPoPEL2nGaBUQep7lMVfPhW64=",
      "requires": {
        "debug": "^2.1.3"
      },
      "dependencies": {
        "debug": {
          "version": "2.6.9",
          "resolved": "https://registry.npmjs.org/debug/-/debug-2.6.9.tgz",
          "integrity": "sha512-bC7ElrdJaJnPbAP+1EotYvqZsb3ecl5wi6Bfi6BJTUcNowp6cvspg0jXznRTKDjm/E7AdgFBVeAPVMNcKGsHMA==",
          "requires": {
            "ms": "2.0.0"
          }
        }
      }
    },
    "load-iframe": {
      "version": "1.0.0",
      "resolved": "https://registry.npmjs.org/load-iframe/-/load-iframe-1.0.0.tgz",
      "integrity": "sha1-ssER8aK5gol0YyMvUoYZE0O729g=",
      "requires": {
        "is": "^3.0.1",
        "next-tick": "^0.2.2",
        "script-onload": "^1.0.2"
      }
    },
    "ms": {
      "version": "2.0.0",
      "resolved": "https://registry.npmjs.org/ms/-/ms-2.0.0.tgz",
      "integrity": "sha1-VgiurfwAvmwpAd9fmGF4jeDVl8g="
    },
    "new-date": {
      "version": "1.0.1",
      "resolved": "https://registry.npmjs.org/new-date/-/new-date-1.0.1.tgz",
      "integrity": "sha1-AESYGxc5Fh5lMJnETm6eT/cuAtI=",
      "requires": {
        "@segment/isodate": "1.0.2",
        "is": "^3.1.0"
      },
      "dependencies": {
        "@segment/isodate": {
          "version": "1.0.2",
          "resolved": "https://registry.npmjs.org/@segment/isodate/-/isodate-1.0.2.tgz",
          "integrity": "sha1-cf72noFrd1k6gLTPvy0iRDIi6v4="
        }
      }
    },
    "next-tick": {
      "version": "0.2.2",
      "resolved": "https://registry.npmjs.org/next-tick/-/next-tick-0.2.2.tgz",
      "integrity": "sha1-ddpKkn7liH45BliABltzNkE7MQ0="
    },
    "obj-case": {
      "version": "0.2.0",
      "resolved": "https://registry.npmjs.org/obj-case/-/obj-case-0.2.0.tgz",
      "integrity": "sha1-hBwLJnhPwymWg5b9hx+DAlXB/y0="
    },
    "script-onload": {
      "version": "1.0.2",
      "resolved": "https://registry.npmjs.org/script-onload/-/script-onload-1.0.2.tgz",
      "integrity": "sha1-a9yhIodUhxksyvTmiE/P3Qx/3jI="
    },
    "segmentio-facade": {
      "version": "3.2.3",
      "resolved": "https://registry.npmjs.org/segmentio-facade/-/segmentio-facade-3.2.3.tgz",
      "integrity": "sha1-fdxpcYAaSCR1tqdoGEaWqEfpGX0=",
      "requires": {
        "@ndhoule/clone": "^1.0.0",
        "@segment/isodate-traverse": "^1.0.0",
        "inherits": "^2.0.1",
        "is-email": "0.1.0",
        "new-date": "^1.0.0",
        "obj-case": "0.x",
        "trim": "0.0.1",
        "type-component": "0.0.1"
      }
    },
    "slug-component": {
      "version": "1.1.0",
      "resolved": "https://registry.npmjs.org/slug-component/-/slug-component-1.1.0.tgz",
      "integrity": "sha1-IkKQoEWRv5rAi5xiLToU9D46Dfc="
    },
    "spark-md5": {
      "version": "2.0.2",
      "resolved": "https://registry.npmjs.org/spark-md5/-/spark-md5-2.0.2.tgz",
      "integrity": "sha1-N7djhHdjrn56zvLKUjPQHmSaeLc="
    },
    "to-function": {
      "version": "2.0.6",
      "resolved": "https://registry.npmjs.org/to-function/-/to-function-2.0.6.tgz",
      "integrity": "sha1-fVbNnDuS+o29eyLoPVGSTedA68U=",
      "requires": {
        "component-props": "*"
      }
    },
    "to-no-case": {
      "version": "0.1.3",
      "resolved": "https://registry.npmjs.org/to-no-case/-/to-no-case-0.1.3.tgz",
      "integrity": "sha1-92Gx6hkxaAlnt5iGozAxBtlm4GE="
    },
    "trim": {
      "version": "0.0.1",
      "resolved": "https://registry.npmjs.org/trim/-/trim-0.0.1.tgz",
      "integrity": "sha1-WFhUf2spB1fulczMZm+1AITEYN0="
    },
    "type-component": {
      "version": "0.0.1",
      "resolved": "https://registry.npmjs.org/type-component/-/type-component-0.0.1.tgz",
      "integrity": "sha1-lSpsgcIe/STRPYEdDISYy4YOGVY="
    },
    "utf8-encode": {
      "version": "1.0.0",
      "resolved": "https://registry.npmjs.org/utf8-encode/-/utf8-encode-1.0.0.tgz",
      "integrity": "sha1-OtYVQrwdqKJyPILSBhfSG2Sw0NQ="
    },
    "uuid": {
      "version": "2.0.3",
      "resolved": "https://registry.npmjs.org/uuid/-/uuid-2.0.3.tgz",
      "integrity": "sha1-Z+LoY3lyFVMN/zGOW/nc6/1Hsho="
    },
    "yields-store": {
      "version": "1.0.2",
      "resolved": "https://registry.npmjs.org/yields-store/-/yields-store-1.0.2.tgz",
      "integrity": "sha1-rxbeRXauMjRhrifq+wHQ1XGONkk=",
      "requires": {
        "component-each": "*",
        "yields-unserialize": "*"
      }
    },
    "yields-unserialize": {
      "version": "0.0.1",
      "resolved": "https://registry.npmjs.org/yields-unserialize/-/yields-unserialize-0.0.1.tgz",
      "integrity": "sha1-dauJi6MHvkAYQpPZMbL245QrC8Q="
    }
  }
}
